// !$*UTF8*$!
{
	archiveVersion = 1;
	classes = {
	};
	objectVersion = 56;
	objects = {

/* Begin PBXBuildFile section */
		ACCAAE1B29F512C6002D260B /* RMLocation.swift in Sources */ = {isa = PBXBuildFile; fileRef = ACCAAE1A29F512C6002D260B /* RMLocation.swift */; };
		ACCAAE1D29F512E0002D260B /* RMCharacter.swift in Sources */ = {isa = PBXBuildFile; fileRef = ACCAAE1C29F512DF002D260B /* RMCharacter.swift */; };
		ACCAAE1F29F512FA002D260B /* RMEpisode.swift in Sources */ = {isa = PBXBuildFile; fileRef = ACCAAE1E29F512FA002D260B /* RMEpisode.swift */; };
		ACCAAE2129F51452002D260B /* RMCharacterViewController.swift in Sources */ = {isa = PBXBuildFile; fileRef = ACCAAE2029F51452002D260B /* RMCharacterViewController.swift */; };
		ACCAAE2329F5146C002D260B /* RMLocationViewController.swift in Sources */ = {isa = PBXBuildFile; fileRef = ACCAAE2229F5146C002D260B /* RMLocationViewController.swift */; };
		ACCAAE2529F51480002D260B /* RMEpisodeViewController.swift in Sources */ = {isa = PBXBuildFile; fileRef = ACCAAE2429F51480002D260B /* RMEpisodeViewController.swift */; };
		ACCAAE2729F6C44D002D260B /* RMSettingsViewController.swift in Sources */ = {isa = PBXBuildFile; fileRef = ACCAAE2629F6C44D002D260B /* RMSettingsViewController.swift */; };
		ACDB120C29EAF0C100B98285 /* AppDelegate.swift in Sources */ = {isa = PBXBuildFile; fileRef = ACDB120B29EAF0C100B98285 /* AppDelegate.swift */; };
		ACDB121029EAF0C100B98285 /* RMTabViewController.swift in Sources */ = {isa = PBXBuildFile; fileRef = ACDB120F29EAF0C100B98285 /* RMTabViewController.swift */; };
		ACDB121529EAF0C200B98285 /* Assets.xcassets in Resources */ = {isa = PBXBuildFile; fileRef = ACDB121429EAF0C200B98285 /* Assets.xcassets */; };
		ACDB121829EAF0C200B98285 /* LaunchScreen.storyboard in Resources */ = {isa = PBXBuildFile; fileRef = ACDB121629EAF0C200B98285 /* LaunchScreen.storyboard */; };
/* End PBXBuildFile section */

/* Begin PBXFileReference section */
		ACCAAE1A29F512C6002D260B /* RMLocation.swift */ = {isa = PBXFileReference; lastKnownFileType = sourcecode.swift; path = RMLocation.swift; sourceTree = "<group>"; };
		ACCAAE1C29F512DF002D260B /* RMCharacter.swift */ = {isa = PBXFileReference; lastKnownFileType = sourcecode.swift; path = RMCharacter.swift; sourceTree = "<group>"; };
		ACCAAE1E29F512FA002D260B /* RMEpisode.swift */ = {isa = PBXFileReference; lastKnownFileType = sourcecode.swift; path = RMEpisode.swift; sourceTree = "<group>"; };
		ACCAAE2029F51452002D260B /* RMCharacterViewController.swift */ = {isa = PBXFileReference; lastKnownFileType = sourcecode.swift; path = RMCharacterViewController.swift; sourceTree = "<group>"; };
		ACCAAE2229F5146C002D260B /* RMLocationViewController.swift */ = {isa = PBXFileReference; lastKnownFileType = sourcecode.swift; path = RMLocationViewController.swift; sourceTree = "<group>"; };
		ACCAAE2429F51480002D260B /* RMEpisodeViewController.swift */ = {isa = PBXFileReference; lastKnownFileType = sourcecode.swift; path = RMEpisodeViewController.swift; sourceTree = "<group>"; };
		ACCAAE2629F6C44D002D260B /* RMSettingsViewController.swift */ = {isa = PBXFileReference; lastKnownFileType = sourcecode.swift; path = RMSettingsViewController.swift; sourceTree = "<group>"; };
		ACDB120829EAF0C100B98285 /* RickAndMorty.app */ = {isa = PBXFileReference; explicitFileType = wrapper.application; includeInIndex = 0; path = RickAndMorty.app; sourceTree = BUILT_PRODUCTS_DIR; };
		ACDB120B29EAF0C100B98285 /* AppDelegate.swift */ = {isa = PBXFileReference; lastKnownFileType = sourcecode.swift; path = AppDelegate.swift; sourceTree = "<group>"; };
		ACDB120F29EAF0C100B98285 /* RMTabViewController.swift */ = {isa = PBXFileReference; lastKnownFileType = sourcecode.swift; path = RMTabViewController.swift; sourceTree = "<group>"; };
		ACDB121429EAF0C200B98285 /* Assets.xcassets */ = {isa = PBXFileReference; lastKnownFileType = folder.assetcatalog; path = Assets.xcassets; sourceTree = "<group>"; };
		ACDB121729EAF0C200B98285 /* Base */ = {isa = PBXFileReference; lastKnownFileType = file.storyboard; name = Base; path = Base.lproj/LaunchScreen.storyboard; sourceTree = "<group>"; };
		ACDB121929EAF0C200B98285 /* Info.plist */ = {isa = PBXFileReference; lastKnownFileType = text.plist.xml; path = Info.plist; sourceTree = "<group>"; };
/* End PBXFileReference section */

/* Begin PBXFrameworksBuildPhase section */
		ACDB120529EAF0C100B98285 /* Frameworks */ = {
			isa = PBXFrameworksBuildPhase;
			buildActionMask = 2147483647;
			files = (
			);
			runOnlyForDeploymentPostprocessing = 0;
		};
/* End PBXFrameworksBuildPhase section */

/* Begin PBXGroup section */
		ACDB11FF29EAF0C100B98285 = {
			isa = PBXGroup;
			children = (
				ACDB120A29EAF0C100B98285 /* RickAndMorty */,
				ACDB120929EAF0C100B98285 /* Products */,
			);
			sourceTree = "<group>";
		};
		ACDB120929EAF0C100B98285 /* Products */ = {
			isa = PBXGroup;
			children = (
				ACDB120829EAF0C100B98285 /* RickAndMorty.app */,
			);
			name = Products;
			sourceTree = "<group>";
		};
		ACDB120A29EAF0C100B98285 /* RickAndMorty */ = {
			isa = PBXGroup;
			children = (
				ACDB122429EAF64800B98285 /* Resources */,
				ACDB122329EAF63700B98285 /* ViewModels */,
				ACDB122229EAF62200B98285 /* Managers */,
				ACDB122129EAF61400B98285 /* Views */,
				ACDB121F29EAF5D500B98285 /* Models */,
				ACDB122029EAF60000B98285 /* Controllers */,
				ACDB121929EAF0C200B98285 /* Info.plist */,
			);
			path = RickAndMorty;
			sourceTree = "<group>";
		};
		ACDB121F29EAF5D500B98285 /* Models */ = {
			isa = PBXGroup;
			children = (
				ACCAAE1A29F512C6002D260B /* RMLocation.swift */,
				ACCAAE1C29F512DF002D260B /* RMCharacter.swift */,
				ACCAAE1E29F512FA002D260B /* RMEpisode.swift */,
			);
			path = Models;
			sourceTree = "<group>";
		};
		ACDB122029EAF60000B98285 /* Controllers */ = {
			isa = PBXGroup;
			children = (
				ACDB120F29EAF0C100B98285 /* RMTabViewController.swift */,
				ACCAAE2029F51452002D260B /* RMCharacterViewController.swift */,
				ACCAAE2229F5146C002D260B /* RMLocationViewController.swift */,
				ACCAAE2429F51480002D260B /* RMEpisodeViewController.swift */,
				ACCAAE2629F6C44D002D260B /* RMSettingsViewController.swift */,
			);
			path = Controllers;
			sourceTree = "<group>";
		};
		ACDB122129EAF61400B98285 /* Views */ = {
			isa = PBXGroup;
			children = (
			);
			path = Views;
			sourceTree = "<group>";
		};
		ACDB122229EAF62200B98285 /* Managers */ = {
			isa = PBXGroup;
			children = (
			);
			path = Managers;
			sourceTree = "<group>";
		};
		ACDB122329EAF63700B98285 /* ViewModels */ = {
			isa = PBXGroup;
			children = (
			);
			path = ViewModels;
			sourceTree = "<group>";
		};
		ACDB122429EAF64800B98285 /* Resources */ = {
			isa = PBXGroup;
			children = (
				ACDB120B29EAF0C100B98285 /* AppDelegate.swift */,
				ACDB121429EAF0C200B98285 /* Assets.xcassets */,
				ACDB121629EAF0C200B98285 /* LaunchScreen.storyboard */,
			);
			path = Resources;
			sourceTree = "<group>";
		};
/* End PBXGroup section */

/* Begin PBXNativeTarget section */
		ACDB120729EAF0C100B98285 /* RickAndMorty */ = {
			isa = PBXNativeTarget;
			buildConfigurationList = ACDB121C29EAF0C200B98285 /* Build configuration list for PBXNativeTarget "RickAndMorty" */;
			buildPhases = (
				ACDB120429EAF0C100B98285 /* Sources */,
				ACDB120529EAF0C100B98285 /* Frameworks */,
				ACDB120629EAF0C100B98285 /* Resources */,
			);
			buildRules = (
			);
			dependencies = (
			);
			name = RickAndMorty;
			productName = RickAndMorty;
			productReference = ACDB120829EAF0C100B98285 /* RickAndMorty.app */;
			productType = "com.apple.product-type.application";
		};
/* End PBXNativeTarget section */

/* Begin PBXProject section */
		ACDB120029EAF0C100B98285 /* Project object */ = {
			isa = PBXProject;
			attributes = {
				BuildIndependentTargetsInParallel = 1;
				LastSwiftUpdateCheck = 1420;
				LastUpgradeCheck = 1420;
				TargetAttributes = {
					ACDB120729EAF0C100B98285 = {
						CreatedOnToolsVersion = 14.2;
					};
				};
			};
			buildConfigurationList = ACDB120329EAF0C100B98285 /* Build configuration list for PBXProject "RickAndMorty" */;
			compatibilityVersion = "Xcode 14.0";
			developmentRegion = en;
			hasScannedForEncodings = 0;
			knownRegions = (
				en,
				Base,
			);
			mainGroup = ACDB11FF29EAF0C100B98285;
			productRefGroup = ACDB120929EAF0C100B98285 /* Products */;
			projectDirPath = "";
			projectRoot = "";
			targets = (
				ACDB120729EAF0C100B98285 /* RickAndMorty */,
			);
		};
/* End PBXProject section */

/* Begin PBXResourcesBuildPhase section */
		ACDB120629EAF0C100B98285 /* Resources */ = {
			isa = PBXResourcesBuildPhase;
			buildActionMask = 2147483647;
			files = (
				ACDB121829EAF0C200B98285 /* LaunchScreen.storyboard in Resources */,
				ACDB121529EAF0C200B98285 /* Assets.xcassets in Resources */,
			);
			runOnlyForDeploymentPostprocessing = 0;
		};
/* End PBXResourcesBuildPhase section */

/* Begin PBXSourcesBuildPhase section */
		ACDB120429EAF0C100B98285 /* Sources */ = {
			isa = PBXSourcesBuildPhase;
			buildActionMask = 2147483647;
			files = (
				ACCAAE2729F6C44D002D260B /* RMSettingsViewController.swift in Sources */,
				ACCAAE1D29F512E0002D260B /* RMCharacter.swift in Sources */,
				ACCAAE2129F51452002D260B /* RMCharacterViewController.swift in Sources */,
				ACCAAE2329F5146C002D260B /* RMLocationViewController.swift in Sources */,
				ACDB121029EAF0C100B98285 /* RMTabViewController.swift in Sources */,
				ACCAAE1F29F512FA002D260B /* RMEpisode.swift in Sources */,
				ACCAAE1B29F512C6002D260B /* RMLocation.swift in Sources */,
				ACDB120C29EAF0C100B98285 /* AppDelegate.swift in Sources */,
				ACCAAE2529F51480002D260B /* RMEpisodeViewController.swift in Sources */,
			);
			runOnlyForDeploymentPostprocessing = 0;
		};
/* End PBXSourcesBuildPhase section */

/* Begin PBXVariantGroup section */
		ACDB121629EAF0C200B98285 /* LaunchScreen.storyboard */ = {
			isa = PBXVariantGroup;
			children = (
				ACDB121729EAF0C200B98285 /* Base */,
			);
			name = LaunchScreen.storyboard;
			sourceTree = "<group>";
		};
/* End PBXVariantGroup section */

/* Begin XCBuildConfiguration section */
		ACDB121A29EAF0C200B98285 /* Debug */ = {
			isa = XCBuildConfiguration;
			buildSettings = {
				ALWAYS_SEARCH_USER_PATHS = NO;
				CLANG_ANALYZER_NONNULL = YES;
				CLANG_ANALYZER_NUMBER_OBJECT_CONVERSION = YES_AGGRESSIVE;
				CLANG_CXX_LANGUAGE_STANDARD = "gnu++20";
				CLANG_ENABLE_MODULES = YES;
				CLANG_ENABLE_OBJC_ARC = YES;
				CLANG_ENABLE_OBJC_WEAK = YES;
				CLANG_WARN_BLOCK_CAPTURE_AUTORELEASING = YES;
				CLANG_WARN_BOOL_CONVERSION = YES;
				CLANG_WARN_COMMA = YES;
				CLANG_WARN_CONSTANT_CONVERSION = YES;
				CLANG_WARN_DEPRECATED_OBJC_IMPLEMENTATIONS = YES;
				CLANG_WARN_DIRECT_OBJC_ISA_USAGE = YES_ERROR;
				CLANG_WARN_DOCUMENTATION_COMMENTS = YES;
				CLANG_WARN_EMPTY_BODY = YES;
				CLANG_WARN_ENUM_CONVERSION = YES;
				CLANG_WARN_INFINITE_RECURSION = YES;
				CLANG_WARN_INT_CONVERSION = YES;
				CLANG_WARN_NON_LITERAL_NULL_CONVERSION = YES;
				CLANG_WARN_OBJC_IMPLICIT_RETAIN_SELF = YES;
				CLANG_WARN_OBJC_LITERAL_CONVERSION = YES;
				CLANG_WARN_OBJC_ROOT_CLASS = YES_ERROR;
				CLANG_WARN_QUOTED_INCLUDE_IN_FRAMEWORK_HEADER = YES;
				CLANG_WARN_RANGE_LOOP_ANALYSIS = YES;
				CLANG_WARN_STRICT_PROTOTYPES = YES;
				CLANG_WARN_SUSPICIOUS_MOVE = YES;
				CLANG_WARN_UNGUARDED_AVAILABILITY = YES_AGGRESSIVE;
				CLANG_WARN_UNREACHABLE_CODE = YES;
				CLANG_WARN__DUPLICATE_METHOD_MATCH = YES;
				COPY_PHASE_STRIP = NO;
				DEBUG_INFORMATION_FORMAT = dwarf;
				ENABLE_STRICT_OBJC_MSGSEND = YES;
				ENABLE_TESTABILITY = YES;
				GCC_C_LANGUAGE_STANDARD = gnu11;
				GCC_DYNAMIC_NO_PIC = NO;
				GCC_NO_COMMON_BLOCKS = YES;
				GCC_OPTIMIZATION_LEVEL = 0;
				GCC_PREPROCESSOR_DEFINITIONS = (
					"DEBUG=1",
					"$(inherited)",
				);
				GCC_WARN_64_TO_32_BIT_CONVERSION = YES;
				GCC_WARN_ABOUT_RETURN_TYPE = YES_ERROR;
				GCC_WARN_UNDECLARED_SELECTOR = YES;
				GCC_WARN_UNINITIALIZED_AUTOS = YES_AGGRESSIVE;
				GCC_WARN_UNUSED_FUNCTION = YES;
				GCC_WARN_UNUSED_VARIABLE = YES;
				IPHONEOS_DEPLOYMENT_TARGET = 16.2;
				MTL_ENABLE_DEBUG_INFO = INCLUDE_SOURCE;
				MTL_FAST_MATH = YES;
				ONLY_ACTIVE_ARCH = YES;
				SDKROOT = iphoneos;
				SWIFT_ACTIVE_COMPILATION_CONDITIONS = DEBUG;
				SWIFT_OPTIMIZATION_LEVEL = "-Onone";
			};
			name = Debug;
		};
		ACDB121B29EAF0C200B98285 /* Release */ = {
			isa = XCBuildConfiguration;
			buildSettings = {
				ALWAYS_SEARCH_USER_PATHS = NO;
				CLANG_ANALYZER_NONNULL = YES;
				CLANG_ANALYZER_NUMBER_OBJECT_CONVERSION = YES_AGGRESSIVE;
				CLANG_CXX_LANGUAGE_STANDARD = "gnu++20";
				CLANG_ENABLE_MODULES = YES;
				CLANG_ENABLE_OBJC_ARC = YES;
				CLANG_ENABLE_OBJC_WEAK = YES;
				CLANG_WARN_BLOCK_CAPTURE_AUTORELEASING = YES;
				CLANG_WARN_BOOL_CONVERSION = YES;
				CLANG_WARN_COMMA = YES;
				CLANG_WARN_CONSTANT_CONVERSION = YES;
				CLANG_WARN_DEPRECATED_OBJC_IMPLEMENTATIONS = YES;
				CLANG_WARN_DIRECT_OBJC_ISA_USAGE = YES_ERROR;
				CLANG_WARN_DOCUMENTATION_COMMENTS = YES;
				CLANG_WARN_EMPTY_BODY = YES;
				CLANG_WARN_ENUM_CONVERSION = YES;
				CLANG_WARN_INFINITE_RECURSION = YES;
				CLANG_WARN_INT_CONVERSION = YES;
				CLANG_WARN_NON_LITERAL_NULL_CONVERSION = YES;
				CLANG_WARN_OBJC_IMPLICIT_RETAIN_SELF = YES;
				CLANG_WARN_OBJC_LITERAL_CONVERSION = YES;
				CLANG_WARN_OBJC_ROOT_CLASS = YES_ERROR;
				CLANG_WARN_QUOTED_INCLUDE_IN_FRAMEWORK_HEADER = YES;
				CLANG_WARN_RANGE_LOOP_ANALYSIS = YES;
				CLANG_WARN_STRICT_PROTOTYPES = YES;
				CLANG_WARN_SUSPICIOUS_MOVE = YES;
				CLANG_WARN_UNGUARDED_AVAILABILITY = YES_AGGRESSIVE;
				CLANG_WARN_UNREACHABLE_CODE = YES;
				CLANG_WARN__DUPLICATE_METHOD_MATCH = YES;
				COPY_PHASE_STRIP = NO;
				DEBUG_INFORMATION_FORMAT = "dwarf-with-dsym";
				ENABLE_NS_ASSERTIONS = NO;
				ENABLE_STRICT_OBJC_MSGSEND = YES;
				GCC_C_LANGUAGE_STANDARD = gnu11;
				GCC_NO_COMMON_BLOCKS = YES;
				GCC_WARN_64_TO_32_BIT_CONVERSION = YES;
				GCC_WARN_ABOUT_RETURN_TYPE = YES_ERROR;
				GCC_WARN_UNDECLARED_SELECTOR = YES;
				GCC_WARN_UNINITIALIZED_AUTOS = YES_AGGRESSIVE;
				GCC_WARN_UNUSED_FUNCTION = YES;
				GCC_WARN_UNUSED_VARIABLE = YES;
				IPHONEOS_DEPLOYMENT_TARGET = 16.2;
				MTL_ENABLE_DEBUG_INFO = NO;
				MTL_FAST_MATH = YES;
				SDKROOT = iphoneos;
				SWIFT_COMPILATION_MODE = wholemodule;
				SWIFT_OPTIMIZATION_LEVEL = "-O";
				VALIDATE_PRODUCT = YES;
			};
			name = Release;
		};
		ACDB121D29EAF0C200B98285 /* Debug */ = {
			isa = XCBuildConfiguration;
			buildSettings = {
				ASSETCATALOG_COMPILER_APPICON_NAME = AppIcon;
				ASSETCATALOG_COMPILER_GLOBAL_ACCENT_COLOR_NAME = AccentColor;
				CODE_SIGN_STYLE = Automatic;
				CURRENT_PROJECT_VERSION = 1;
				DEVELOPMENT_TEAM = KGAJ3TRK78;
				GENERATE_INFOPLIST_FILE = YES;
				INFOPLIST_FILE = RickAndMorty/Info.plist;
				INFOPLIST_KEY_UIApplicationSupportsIndirectInputEvents = YES;
				INFOPLIST_KEY_UILaunchStoryboardName = LaunchScreen;
				INFOPLIST_KEY_UISupportedInterfaceOrientations_iPad = "UIInterfaceOrientationPortrait UIInterfaceOrientationPortraitUpsideDown UIInterfaceOrientationLandscapeLeft UIInterfaceOrientationLandscapeRight";
				INFOPLIST_KEY_UISupportedInterfaceOrientations_iPhone = "UIInterfaceOrientationPortrait UIInterfaceOrientationLandscapeLeft UIInterfaceOrientationLandscapeRight";
				LD_RUNPATH_SEARCH_PATHS = (
					"$(inherited)",
					"@executable_path/Frameworks",
				);
				MARKETING_VERSION = 1.0;
				PRODUCT_BUNDLE_IDENTIFIER = com.imalka.RickMorty.RickAndMorty;
				PRODUCT_NAME = "$(TARGET_NAME)";
				SWIFT_EMIT_LOC_STRINGS = YES;
				SWIFT_VERSION = 5.0;
				TARGETED_DEVICE_FAMILY = "1,2";
			};
			name = Debug;
		};
		ACDB121E29EAF0C200B98285 /* Release */ = {
			isa = XCBuildConfiguration;
			buildSettings = {
				ASSETCATALOG_COMPILER_APPICON_NAME = AppIcon;
				ASSETCATALOG_COMPILER_GLOBAL_ACCENT_COLOR_NAME = AccentColor;
				CODE_SIGN_STYLE = Automatic;
				CURRENT_PROJECT_VERSION = 1;
				DEVELOPMENT_TEAM = KGAJ3TRK78;
				GENERATE_INFOPLIST_FILE = YES;
				INFOPLIST_FILE = RickAndMorty/Info.plist;
				INFOPLIST_KEY_UIApplicationSupportsIndirectInputEvents = YES;
				INFOPLIST_KEY_UILaunchStoryboardName = LaunchScreen;
				INFOPLIST_KEY_UISupportedInterfaceOrientations_iPad = "UIInterfaceOrientationPortrait UIInterfaceOrientationPortraitUpsideDown UIInterfaceOrientationLandscapeLeft UIInterfaceOrientationLandscapeRight";
				INFOPLIST_KEY_UISupportedInterfaceOrientations_iPhone = "UIInterfaceOrientationPortrait UIInterfaceOrientationLandscapeLeft UIInterfaceOrientationLandscapeRight";
				LD_RUNPATH_SEARCH_PATHS = (
					"$(inherited)",
					"@executable_path/Frameworks",
				);
				MARKETING_VERSION = 1.0;
				PRODUCT_BUNDLE_IDENTIFIER = com.imalka.RickMorty.RickAndMorty;
				PRODUCT_NAME = "$(TARGET_NAME)";
				SWIFT_EMIT_LOC_STRINGS = YES;
				SWIFT_VERSION = 5.0;
				TARGETED_DEVICE_FAMILY = "1,2";
			};
			name = Release;
		};
/* End XCBuildConfiguration section */

/* Begin XCConfigurationList section */
		ACDB120329EAF0C100B98285 /* Build configuration list for PBXProject "RickAndMorty" */ = {
			isa = XCConfigurationList;
			buildConfigurations = (
				ACDB121A29EAF0C200B98285 /* Debug */,
				ACDB121B29EAF0C200B98285 /* Release */,
			);
			defaultConfigurationIsVisible = 0;
			defaultConfigurationName = Release;
		};
		ACDB121C29EAF0C200B98285 /* Build configuration list for PBXNativeTarget "RickAndMorty" */ = {
			isa = XCConfigurationList;
			buildConfigurations = (
				ACDB121D29EAF0C200B98285 /* Debug */,
				ACDB121E29EAF0C200B98285 /* Release */,
			);
			defaultConfigurationIsVisible = 0;
			defaultConfigurationName = Release;
		};
/* End XCConfigurationList section */
	};
	rootObject = ACDB120029EAF0C100B98285 /* Project object */;
}
